// !$*UTF8*$!
{
	archiveVersion = 1;
	classes = {
	};
	objectVersion = 50;
	objects = {

/* Begin PBXBuildFile section */
		0B0DFEAE2165BA080053AC62 /* CustomView.swift in Sources */ = {isa = PBXBuildFile; fileRef = 0B0DFEAD2165BA080053AC62 /* CustomView.swift */; };
		0B13CEF020C2876300A5F70D /* AppDelegate.swift in Sources */ = {isa = PBXBuildFile; fileRef = 0B13CEEF20C2876300A5F70D /* AppDelegate.swift */; };
		0B13CEF220C2876300A5F70D /* ViewController.swift in Sources */ = {isa = PBXBuildFile; fileRef = 0B13CEF120C2876300A5F70D /* ViewController.swift */; };
		0B13CEF520C2876300A5F70D /* Main.storyboard in Resources */ = {isa = PBXBuildFile; fileRef = 0B13CEF320C2876300A5F70D /* Main.storyboard */; };
		0B13CEF720C2876500A5F70D /* Assets.xcassets in Resources */ = {isa = PBXBuildFile; fileRef = 0B13CEF620C2876500A5F70D /* Assets.xcassets */; };
		0B13CEFA20C2876500A5F70D /* LaunchScreen.storyboard in Resources */ = {isa = PBXBuildFile; fileRef = 0B13CEF820C2876500A5F70D /* LaunchScreen.storyboard */; };
		0B13CF0520C2876500A5F70D /* GuessNumberTests.swift in Sources */ = {isa = PBXBuildFile; fileRef = 0B13CF0420C2876500A5F70D /* GuessNumberTests.swift */; };
		0B13CF1020C2876500A5F70D /* GuessNumberUITests.swift in Sources */ = {isa = PBXBuildFile; fileRef = 0B13CF0F20C2876500A5F70D /* GuessNumberUITests.swift */; };
		0B15D24D2160EF5F008F096C /* RegulationHandle.swift in Sources */ = {isa = PBXBuildFile; fileRef = 0B15D24C2160EF5F008F096C /* RegulationHandle.swift */; };
		0B15D27D216357B7008F096C /* TimerHandle.swift in Sources */ = {isa = PBXBuildFile; fileRef = 0B15D27C216357B7008F096C /* TimerHandle.swift */; };
		0B184EEA214F5EE6001483B9 /* AlertController.swift in Sources */ = {isa = PBXBuildFile; fileRef = 0B184EE9214F5EE6001483B9 /* AlertController.swift */; };
		0B2A87D32171948E00115FBF /* ErrorHandle.swift in Sources */ = {isa = PBXBuildFile; fileRef = 0B2A87D22171948E00115FBF /* ErrorHandle.swift */; };
		0B356FE6210D9DD100906892 /* LogInPage.swift in Sources */ = {isa = PBXBuildFile; fileRef = 0B356FE5210D9DD100906892 /* LogInPage.swift */; };
		0B356FEA210DA30200906892 /* RegisterController.swift in Sources */ = {isa = PBXBuildFile; fileRef = 0B356FE9210DA30200906892 /* RegisterController.swift */; };
		0B356FEC210DB33A00906892 /* GoogleService-Info.plist in Resources */ = {isa = PBXBuildFile; fileRef = 0B356FEB210DB33900906892 /* GoogleService-Info.plist */; };
		0B356FEE210EC54000906892 /* User.swift in Sources */ = {isa = PBXBuildFile; fileRef = 0B356FED210EC54000906892 /* User.swift */; };
		0B546208211E98880061CC9A /* Score.swift in Sources */ = {isa = PBXBuildFile; fileRef = 0B546207211E98880061CC9A /* Score.swift */; };
		0B9B4F491EB738FE9050B1A1 /* Pods_GuessNumberUITests.framework in Frameworks */ = {isa = PBXBuildFile; fileRef = 5952DC36965FF1EB0D8C37EA /* Pods_GuessNumberUITests.framework */; };
		0BE6280420CB7B4D00EA4726 /* Jua-Regular.ttf in Resources */ = {isa = PBXBuildFile; fileRef = 0BE6280320CB7B4D00EA4726 /* Jua-Regular.ttf */; };
		0BE6280620CB8BF900EA4726 /* EasyModeController.swift in Sources */ = {isa = PBXBuildFile; fileRef = 0BE6280520CB8BF900EA4726 /* EasyModeController.swift */; };
		0BE6280820D4A39100EA4726 /* HardModeController.swift in Sources */ = {isa = PBXBuildFile; fileRef = 0BE6280720D4A39100EA4726 /* HardModeController.swift */; };
		DD63528E43A2DCB53CA449A1 /* Pods_GuessNumberTests.framework in Frameworks */ = {isa = PBXBuildFile; fileRef = 64B4D23D09646D82AE431002 /* Pods_GuessNumberTests.framework */; };
		EE6F3BC8895835AEA776FCE1 /* Pods_GuessNumber.framework in Frameworks */ = {isa = PBXBuildFile; fileRef = FB83CBD0F62AC43F7CFB5691 /* Pods_GuessNumber.framework */; };
/* End PBXBuildFile section */

/* Begin PBXContainerItemProxy section */
		0B13CF0120C2876500A5F70D /* PBXContainerItemProxy */ = {
			isa = PBXContainerItemProxy;
			containerPortal = 0B13CEE420C2876300A5F70D /* Project object */;
			proxyType = 1;
			remoteGlobalIDString = 0B13CEEB20C2876300A5F70D;
			remoteInfo = GuessNumber;
		};
		0B13CF0C20C2876500A5F70D /* PBXContainerItemProxy */ = {
			isa = PBXContainerItemProxy;
			containerPortal = 0B13CEE420C2876300A5F70D /* Project object */;
			proxyType = 1;
			remoteGlobalIDString = 0B13CEEB20C2876300A5F70D;
			remoteInfo = GuessNumber;
		};
/* End PBXContainerItemProxy section */

/* Begin PBXFileReference section */
		0B0DFEAD2165BA080053AC62 /* CustomView.swift */ = {isa = PBXFileReference; lastKnownFileType = sourcecode.swift; path = CustomView.swift; sourceTree = "<group>"; };
		0B13CEEC20C2876300A5F70D /* GuessNumber.app */ = {isa = PBXFileReference; explicitFileType = wrapper.application; includeInIndex = 0; path = GuessNumber.app; sourceTree = BUILT_PRODUCTS_DIR; };
		0B13CEEF20C2876300A5F70D /* AppDelegate.swift */ = {isa = PBXFileReference; lastKnownFileType = sourcecode.swift; path = AppDelegate.swift; sourceTree = "<group>"; };
		0B13CEF120C2876300A5F70D /* ViewController.swift */ = {isa = PBXFileReference; lastKnownFileType = sourcecode.swift; path = ViewController.swift; sourceTree = "<group>"; };
		0B13CEF420C2876300A5F70D /* Base */ = {isa = PBXFileReference; lastKnownFileType = file.storyboard; name = Base; path = Base.lproj/Main.storyboard; sourceTree = "<group>"; };
		0B13CEF620C2876500A5F70D /* Assets.xcassets */ = {isa = PBXFileReference; lastKnownFileType = folder.assetcatalog; path = Assets.xcassets; sourceTree = "<group>"; };
		0B13CEF920C2876500A5F70D /* Base */ = {isa = PBXFileReference; lastKnownFileType = file.storyboard; name = Base; path = Base.lproj/LaunchScreen.storyboard; sourceTree = "<group>"; };
		0B13CEFB20C2876500A5F70D /* Info.plist */ = {isa = PBXFileReference; lastKnownFileType = text.plist.xml; path = Info.plist; sourceTree = "<group>"; };
		0B13CF0020C2876500A5F70D /* GuessNumberTests.xctest */ = {isa = PBXFileReference; explicitFileType = wrapper.cfbundle; includeInIndex = 0; path = GuessNumberTests.xctest; sourceTree = BUILT_PRODUCTS_DIR; };
		0B13CF0420C2876500A5F70D /* GuessNumberTests.swift */ = {isa = PBXFileReference; lastKnownFileType = sourcecode.swift; path = GuessNumberTests.swift; sourceTree = "<group>"; };
		0B13CF0620C2876500A5F70D /* Info.plist */ = {isa = PBXFileReference; lastKnownFileType = text.plist.xml; path = Info.plist; sourceTree = "<group>"; };
		0B13CF0B20C2876500A5F70D /* GuessNumberUITests.xctest */ = {isa = PBXFileReference; explicitFileType = wrapper.cfbundle; includeInIndex = 0; path = GuessNumberUITests.xctest; sourceTree = BUILT_PRODUCTS_DIR; };
		0B13CF0F20C2876500A5F70D /* GuessNumberUITests.swift */ = {isa = PBXFileReference; lastKnownFileType = sourcecode.swift; path = GuessNumberUITests.swift; sourceTree = "<group>"; };
		0B13CF1120C2876500A5F70D /* Info.plist */ = {isa = PBXFileReference; lastKnownFileType = text.plist.xml; path = Info.plist; sourceTree = "<group>"; };
		0B15D24C2160EF5F008F096C /* RegulationHandle.swift */ = {isa = PBXFileReference; lastKnownFileType = sourcecode.swift; path = RegulationHandle.swift; sourceTree = "<group>"; };
		0B15D27C216357B7008F096C /* TimerHandle.swift */ = {isa = PBXFileReference; lastKnownFileType = sourcecode.swift; path = TimerHandle.swift; sourceTree = "<group>"; };
		0B184EE9214F5EE6001483B9 /* AlertController.swift */ = {isa = PBXFileReference; lastKnownFileType = sourcecode.swift; path = AlertController.swift; sourceTree = "<group>"; };
		0B2A87D22171948E00115FBF /* ErrorHandle.swift */ = {isa = PBXFileReference; lastKnownFileType = sourcecode.swift; path = ErrorHandle.swift; sourceTree = "<group>"; };
		0B356FE5210D9DD100906892 /* LogInPage.swift */ = {isa = PBXFileReference; fileEncoding = 4; lastKnownFileType = sourcecode.swift; path = LogInPage.swift; sourceTree = "<group>"; };
		0B356FE9210DA30200906892 /* RegisterController.swift */ = {isa = PBXFileReference; lastKnownFileType = sourcecode.swift; path = RegisterController.swift; sourceTree = "<group>"; };
		0B356FEB210DB33900906892 /* GoogleService-Info.plist */ = {isa = PBXFileReference; fileEncoding = 4; lastKnownFileType = text.plist.xml; path = "GoogleService-Info.plist"; sourceTree = "<group>"; };
		0B356FED210EC54000906892 /* User.swift */ = {isa = PBXFileReference; lastKnownFileType = sourcecode.swift; path = User.swift; sourceTree = "<group>"; };
		0B546206211C178F0061CC9A /* GuessNumber.entitlements */ = {isa = PBXFileReference; lastKnownFileType = text.plist.entitlements; path = GuessNumber.entitlements; sourceTree = "<group>"; };
		0B546207211E98880061CC9A /* Score.swift */ = {isa = PBXFileReference; lastKnownFileType = sourcecode.swift; path = Score.swift; sourceTree = "<group>"; };
		0BB302F220C291570029039C /* SwifterSwift.framework */ = {isa = PBXFileReference; explicitFileType = wrapper.framework; path = SwifterSwift.framework; sourceTree = BUILT_PRODUCTS_DIR; };
		0BE6280320CB7B4D00EA4726 /* Jua-Regular.ttf */ = {isa = PBXFileReference; lastKnownFileType = file; name = "Jua-Regular.ttf"; path = "../../Jua-Regular.ttf"; sourceTree = "<group>"; };
		0BE6280520CB8BF900EA4726 /* EasyModeController.swift */ = {isa = PBXFileReference; lastKnownFileType = sourcecode.swift; path = EasyModeController.swift; sourceTree = "<group>"; };
		0BE6280720D4A39100EA4726 /* HardModeController.swift */ = {isa = PBXFileReference; lastKnownFileType = sourcecode.swift; path = HardModeController.swift; sourceTree = "<group>"; };
		10FC6DFD4ECAC2EF22602498 /* Pods-GuessNumberTests.debug.xcconfig */ = {isa = PBXFileReference; includeInIndex = 1; lastKnownFileType = text.xcconfig; name = "Pods-GuessNumberTests.debug.xcconfig"; path = "Pods/Target Support Files/Pods-GuessNumberTests/Pods-GuessNumberTests.debug.xcconfig"; sourceTree = "<group>"; };
		5952DC36965FF1EB0D8C37EA /* Pods_GuessNumberUITests.framework */ = {isa = PBXFileReference; explicitFileType = wrapper.framework; includeInIndex = 0; path = Pods_GuessNumberUITests.framework; sourceTree = BUILT_PRODUCTS_DIR; };
		64B4D23D09646D82AE431002 /* Pods_GuessNumberTests.framework */ = {isa = PBXFileReference; explicitFileType = wrapper.framework; includeInIndex = 0; path = Pods_GuessNumberTests.framework; sourceTree = BUILT_PRODUCTS_DIR; };
		7276946551ED8D88A3E9DC5F /* Pods-GuessNumberUITests.debug.xcconfig */ = {isa = PBXFileReference; includeInIndex = 1; lastKnownFileType = text.xcconfig; name = "Pods-GuessNumberUITests.debug.xcconfig"; path = "Pods/Target Support Files/Pods-GuessNumberUITests/Pods-GuessNumberUITests.debug.xcconfig"; sourceTree = "<group>"; };
		C13B4B15E29AD2D28D8E97A7 /* Pods-GuessNumber.debug.xcconfig */ = {isa = PBXFileReference; includeInIndex = 1; lastKnownFileType = text.xcconfig; name = "Pods-GuessNumber.debug.xcconfig"; path = "Pods/Target Support Files/Pods-GuessNumber/Pods-GuessNumber.debug.xcconfig"; sourceTree = "<group>"; };
		CB7AF70022F5DFB5E379FB41 /* Pods-GuessNumber.release.xcconfig */ = {isa = PBXFileReference; includeInIndex = 1; lastKnownFileType = text.xcconfig; name = "Pods-GuessNumber.release.xcconfig"; path = "Pods/Target Support Files/Pods-GuessNumber/Pods-GuessNumber.release.xcconfig"; sourceTree = "<group>"; };
		D746290C128B1A6D1A37DEC7 /* Pods-GuessNumberTests.release.xcconfig */ = {isa = PBXFileReference; includeInIndex = 1; lastKnownFileType = text.xcconfig; name = "Pods-GuessNumberTests.release.xcconfig"; path = "Pods/Target Support Files/Pods-GuessNumberTests/Pods-GuessNumberTests.release.xcconfig"; sourceTree = "<group>"; };
		E0A0E5985E1DF4814518D89E /* Pods-GuessNumberUITests.release.xcconfig */ = {isa = PBXFileReference; includeInIndex = 1; lastKnownFileType = text.xcconfig; name = "Pods-GuessNumberUITests.release.xcconfig"; path = "Pods/Target Support Files/Pods-GuessNumberUITests/Pods-GuessNumberUITests.release.xcconfig"; sourceTree = "<group>"; };
		FB83CBD0F62AC43F7CFB5691 /* Pods_GuessNumber.framework */ = {isa = PBXFileReference; explicitFileType = wrapper.framework; includeInIndex = 0; path = Pods_GuessNumber.framework; sourceTree = BUILT_PRODUCTS_DIR; };
/* End PBXFileReference section */

/* Begin PBXFrameworksBuildPhase section */
		0B13CEE920C2876300A5F70D /* Frameworks */ = {
			isa = PBXFrameworksBuildPhase;
			buildActionMask = 2147483647;
			files = (
				EE6F3BC8895835AEA776FCE1 /* Pods_GuessNumber.framework in Frameworks */,
			);
			runOnlyForDeploymentPostprocessing = 0;
		};
		0B13CEFD20C2876500A5F70D /* Frameworks */ = {
			isa = PBXFrameworksBuildPhase;
			buildActionMask = 2147483647;
			files = (
				DD63528E43A2DCB53CA449A1 /* Pods_GuessNumberTests.framework in Frameworks */,
			);
			runOnlyForDeploymentPostprocessing = 0;
		};
		0B13CF0820C2876500A5F70D /* Frameworks */ = {
			isa = PBXFrameworksBuildPhase;
			buildActionMask = 2147483647;
			files = (
				0B9B4F491EB738FE9050B1A1 /* Pods_GuessNumberUITests.framework in Frameworks */,
			);
			runOnlyForDeploymentPostprocessing = 0;
		};
/* End PBXFrameworksBuildPhase section */

/* Begin PBXGroup section */
		0B047055210D794A002B5931 /* Model */ = {
			isa = PBXGroup;
			children = (
				0B356FED210EC54000906892 /* User.swift */,
				0B546207211E98880061CC9A /* Score.swift */,
				0B184EE9214F5EE6001483B9 /* AlertController.swift */,
				0B15D24C2160EF5F008F096C /* RegulationHandle.swift */,
				0B15D27C216357B7008F096C /* TimerHandle.swift */,
				0B0DFEAD2165BA080053AC62 /* CustomView.swift */,
				0B2A87D22171948E00115FBF /* ErrorHandle.swift */,
			);
			path = Model;
			sourceTree = "<group>";
		};
		0B047056210D7955002B5931 /* Controller */ = {
			isa = PBXGroup;
			children = (
				0B356FE9210DA30200906892 /* RegisterController.swift */,
				0B356FE5210D9DD100906892 /* LogInPage.swift */,
				0B13CEF120C2876300A5F70D /* ViewController.swift */,
				0BE6280720D4A39100EA4726 /* HardModeController.swift */,
				0BE6280520CB8BF900EA4726 /* EasyModeController.swift */,
			);
			path = Controller;
			sourceTree = "<group>";
		};
		0B047057210D795F002B5931 /* View */ = {
			isa = PBXGroup;
			children = (
				0B13CEF320C2876300A5F70D /* Main.storyboard */,
				0B13CEF820C2876500A5F70D /* LaunchScreen.storyboard */,
			);
			path = View;
			sourceTree = "<group>";
		};
		0B13CEE320C2876300A5F70D = {
			isa = PBXGroup;
			children = (
				0B13CEEE20C2876300A5F70D /* GuessNumber */,
				0B13CF0320C2876500A5F70D /* GuessNumberTests */,
				0B13CF0E20C2876500A5F70D /* GuessNumberUITests */,
				0B13CEED20C2876300A5F70D /* Products */,
				BB4D0C3E64BC97AA803AA51D /* Pods */,
				C0ACD88D0A058A8A73CE42D6 /* Frameworks */,
			);
			sourceTree = "<group>";
		};
		0B13CEED20C2876300A5F70D /* Products */ = {
			isa = PBXGroup;
			children = (
				0B13CEEC20C2876300A5F70D /* GuessNumber.app */,
				0B13CF0020C2876500A5F70D /* GuessNumberTests.xctest */,
				0B13CF0B20C2876500A5F70D /* GuessNumberUITests.xctest */,
			);
			name = Products;
			sourceTree = "<group>";
		};
		0B13CEEE20C2876300A5F70D /* GuessNumber */ = {
			isa = PBXGroup;
			children = (
				0B546206211C178F0061CC9A /* GuessNumber.entitlements */,
				0B047057210D795F002B5931 /* View */,
				0B047056210D7955002B5931 /* Controller */,
				0B047055210D794A002B5931 /* Model */,
				0BE6280320CB7B4D00EA4726 /* Jua-Regular.ttf */,
				0B13CEEF20C2876300A5F70D /* AppDelegate.swift */,
				0B13CEF620C2876500A5F70D /* Assets.xcassets */,
				0B13CEFB20C2876500A5F70D /* Info.plist */,
				0B356FEB210DB33900906892 /* GoogleService-Info.plist */,
			);
			path = GuessNumber;
			sourceTree = "<group>";
		};
		0B13CF0320C2876500A5F70D /* GuessNumberTests */ = {
			isa = PBXGroup;
			children = (
				0B13CF0420C2876500A5F70D /* GuessNumberTests.swift */,
				0B13CF0620C2876500A5F70D /* Info.plist */,
			);
			path = GuessNumberTests;
			sourceTree = "<group>";
		};
		0B13CF0E20C2876500A5F70D /* GuessNumberUITests */ = {
			isa = PBXGroup;
			children = (
				0B13CF0F20C2876500A5F70D /* GuessNumberUITests.swift */,
				0B13CF1120C2876500A5F70D /* Info.plist */,
			);
			path = GuessNumberUITests;
			sourceTree = "<group>";
		};
		BB4D0C3E64BC97AA803AA51D /* Pods */ = {
			isa = PBXGroup;
			children = (
				C13B4B15E29AD2D28D8E97A7 /* Pods-GuessNumber.debug.xcconfig */,
				CB7AF70022F5DFB5E379FB41 /* Pods-GuessNumber.release.xcconfig */,
				10FC6DFD4ECAC2EF22602498 /* Pods-GuessNumberTests.debug.xcconfig */,
				D746290C128B1A6D1A37DEC7 /* Pods-GuessNumberTests.release.xcconfig */,
				7276946551ED8D88A3E9DC5F /* Pods-GuessNumberUITests.debug.xcconfig */,
				E0A0E5985E1DF4814518D89E /* Pods-GuessNumberUITests.release.xcconfig */,
			);
			name = Pods;
			sourceTree = "<group>";
		};
		C0ACD88D0A058A8A73CE42D6 /* Frameworks */ = {
			isa = PBXGroup;
			children = (
				0BB302F220C291570029039C /* SwifterSwift.framework */,
				FB83CBD0F62AC43F7CFB5691 /* Pods_GuessNumber.framework */,
				64B4D23D09646D82AE431002 /* Pods_GuessNumberTests.framework */,
				5952DC36965FF1EB0D8C37EA /* Pods_GuessNumberUITests.framework */,
			);
			name = Frameworks;
			sourceTree = "<group>";
		};
/* End PBXGroup section */

/* Begin PBXNativeTarget section */
		0B13CEEB20C2876300A5F70D /* GuessNumber */ = {
			isa = PBXNativeTarget;
			buildConfigurationList = 0B13CF1420C2876500A5F70D /* Build configuration list for PBXNativeTarget "GuessNumber" */;
			buildPhases = (
				B7C8BC77430442219A453A55 /* [CP] Check Pods Manifest.lock */,
				0B13CEE820C2876300A5F70D /* Sources */,
				0B13CEE920C2876300A5F70D /* Frameworks */,
				0B13CEEA20C2876300A5F70D /* Resources */,
				990A94BDB72B63FE11DD365A /* [CP] Embed Pods Frameworks */,
				EB250A1138C0B1257E0AB3CD /* [CP] Copy Pods Resources */,
			);
			buildRules = (
			);
			dependencies = (
			);
			name = GuessNumber;
			productName = GuessNumber;
			productReference = 0B13CEEC20C2876300A5F70D /* GuessNumber.app */;
			productType = "com.apple.product-type.application";
		};
		0B13CEFF20C2876500A5F70D /* GuessNumberTests */ = {
			isa = PBXNativeTarget;
			buildConfigurationList = 0B13CF1720C2876500A5F70D /* Build configuration list for PBXNativeTarget "GuessNumberTests" */;
			buildPhases = (
				C51CB6763969209E741AF575 /* [CP] Check Pods Manifest.lock */,
				0B13CEFC20C2876500A5F70D /* Sources */,
				0B13CEFD20C2876500A5F70D /* Frameworks */,
				0B13CEFE20C2876500A5F70D /* Resources */,
			);
			buildRules = (
			);
			dependencies = (
				0B13CF0220C2876500A5F70D /* PBXTargetDependency */,
			);
			name = GuessNumberTests;
			productName = GuessNumberTests;
			productReference = 0B13CF0020C2876500A5F70D /* GuessNumberTests.xctest */;
			productType = "com.apple.product-type.bundle.unit-test";
		};
		0B13CF0A20C2876500A5F70D /* GuessNumberUITests */ = {
			isa = PBXNativeTarget;
			buildConfigurationList = 0B13CF1A20C2876500A5F70D /* Build configuration list for PBXNativeTarget "GuessNumberUITests" */;
			buildPhases = (
				579D04D42AADAF9324A99313 /* [CP] Check Pods Manifest.lock */,
				0B13CF0720C2876500A5F70D /* Sources */,
				0B13CF0820C2876500A5F70D /* Frameworks */,
				0B13CF0920C2876500A5F70D /* Resources */,
			);
			buildRules = (
			);
			dependencies = (
				0B13CF0D20C2876500A5F70D /* PBXTargetDependency */,
			);
			name = GuessNumberUITests;
			productName = GuessNumberUITests;
			productReference = 0B13CF0B20C2876500A5F70D /* GuessNumberUITests.xctest */;
			productType = "com.apple.product-type.bundle.ui-testing";
		};
/* End PBXNativeTarget section */

/* Begin PBXProject section */
		0B13CEE420C2876300A5F70D /* Project object */ = {
			isa = PBXProject;
			attributes = {
				LastSwiftUpdateCheck = 0940;
				LastUpgradeCheck = 0940;
				ORGANIZATIONNAME = t19960804;
				TargetAttributes = {
					0B13CEEB20C2876300A5F70D = {
						CreatedOnToolsVersion = 9.4;
						LastSwiftMigration = 1000;
						SystemCapabilities = {
							com.apple.Push = {
								enabled = 0;
							};
						};
					};
					0B13CEFF20C2876500A5F70D = {
						CreatedOnToolsVersion = 9.4;
						LastSwiftMigration = 1000;
						TestTargetID = 0B13CEEB20C2876300A5F70D;
					};
					0B13CF0A20C2876500A5F70D = {
						CreatedOnToolsVersion = 9.4;
						LastSwiftMigration = 1000;
						TestTargetID = 0B13CEEB20C2876300A5F70D;
					};
				};
			};
			buildConfigurationList = 0B13CEE720C2876300A5F70D /* Build configuration list for PBXProject "GuessNumber" */;
			compatibilityVersion = "Xcode 9.3";
			developmentRegion = en;
			hasScannedForEncodings = 0;
			knownRegions = (
				en,
				Base,
			);
			mainGroup = 0B13CEE320C2876300A5F70D;
			productRefGroup = 0B13CEED20C2876300A5F70D /* Products */;
			projectDirPath = "";
			projectRoot = "";
			targets = (
				0B13CEEB20C2876300A5F70D /* GuessNumber */,
				0B13CEFF20C2876500A5F70D /* GuessNumberTests */,
				0B13CF0A20C2876500A5F70D /* GuessNumberUITests */,
			);
		};
/* End PBXProject section */

/* Begin PBXResourcesBuildPhase section */
		0B13CEEA20C2876300A5F70D /* Resources */ = {
			isa = PBXResourcesBuildPhase;
			buildActionMask = 2147483647;
			files = (
				0B13CEFA20C2876500A5F70D /* LaunchScreen.storyboard in Resources */,
				0B13CEF720C2876500A5F70D /* Assets.xcassets in Resources */,
				0B356FEC210DB33A00906892 /* GoogleService-Info.plist in Resources */,
				0BE6280420CB7B4D00EA4726 /* Jua-Regular.ttf in Resources */,
				0B13CEF520C2876300A5F70D /* Main.storyboard in Resources */,
			);
			runOnlyForDeploymentPostprocessing = 0;
		};
		0B13CEFE20C2876500A5F70D /* Resources */ = {
			isa = PBXResourcesBuildPhase;
			buildActionMask = 2147483647;
			files = (
			);
			runOnlyForDeploymentPostprocessing = 0;
		};
		0B13CF0920C2876500A5F70D /* Resources */ = {
			isa = PBXResourcesBuildPhase;
			buildActionMask = 2147483647;
			files = (
			);
			runOnlyForDeploymentPostprocessing = 0;
		};
/* End PBXResourcesBuildPhase section */

/* Begin PBXShellScriptBuildPhase section */
		579D04D42AADAF9324A99313 /* [CP] Check Pods Manifest.lock */ = {
			isa = PBXShellScriptBuildPhase;
			buildActionMask = 2147483647;
			files = (
			);
			inputPaths = (
				"${PODS_PODFILE_DIR_PATH}/Podfile.lock",
				"${PODS_ROOT}/Manifest.lock",
			);
			name = "[CP] Check Pods Manifest.lock";
			outputPaths = (
				"$(DERIVED_FILE_DIR)/Pods-GuessNumberUITests-checkManifestLockResult.txt",
			);
			runOnlyForDeploymentPostprocessing = 0;
			shellPath = /bin/sh;
			shellScript = "diff \"${PODS_PODFILE_DIR_PATH}/Podfile.lock\" \"${PODS_ROOT}/Manifest.lock\" > /dev/null\nif [ $? != 0 ] ; then\n    # print error to STDERR\n    echo \"error: The sandbox is not in sync with the Podfile.lock. Run 'pod install' or update your CocoaPods installation.\" >&2\n    exit 1\nfi\n# This output is used by Xcode 'outputs' to avoid re-running this script phase.\necho \"SUCCESS\" > \"${SCRIPT_OUTPUT_FILE_0}\"\n";
			showEnvVarsInLog = 0;
		};
		990A94BDB72B63FE11DD365A /* [CP] Embed Pods Frameworks */ = {
			isa = PBXShellScriptBuildPhase;
			buildActionMask = 2147483647;
			files = (
			);
			inputPaths = (
				"${SRCROOT}/Pods/Target Support Files/Pods-GuessNumber/Pods-GuessNumber-frameworks.sh",
				"${BUILT_PRODUCTS_DIR}/Bolts/Bolts.framework",
				"${BUILT_PRODUCTS_DIR}/FBSDKCoreKit/FBSDKCoreKit.framework",
				"${BUILT_PRODUCTS_DIR}/FBSDKLoginKit/FBSDKLoginKit.framework",
				"${BUILT_PRODUCTS_DIR}/FBSDKShareKit/FBSDKShareKit.framework",
				"${BUILT_PRODUCTS_DIR}/GTMOAuth2/GTMOAuth2.framework",
				"${BUILT_PRODUCTS_DIR}/GTMSessionFetcher/GTMSessionFetcher.framework",
				"${BUILT_PRODUCTS_DIR}/GoogleToolboxForMac/GoogleToolboxForMac.framework",
				"${BUILT_PRODUCTS_DIR}/Realm/Realm.framework",
				"${BUILT_PRODUCTS_DIR}/RealmSwift/RealmSwift.framework",
				"${BUILT_PRODUCTS_DIR}/SVProgressHUD/SVProgressHUD.framework",
				"${BUILT_PRODUCTS_DIR}/leveldb-library/leveldb.framework",
				"${BUILT_PRODUCTS_DIR}/nanopb/nanopb.framework",
			);
			name = "[CP] Embed Pods Frameworks";
			outputPaths = (
				"${TARGET_BUILD_DIR}/${FRAMEWORKS_FOLDER_PATH}/Bolts.framework",
				"${TARGET_BUILD_DIR}/${FRAMEWORKS_FOLDER_PATH}/FBSDKCoreKit.framework",
				"${TARGET_BUILD_DIR}/${FRAMEWORKS_FOLDER_PATH}/FBSDKLoginKit.framework",
				"${TARGET_BUILD_DIR}/${FRAMEWORKS_FOLDER_PATH}/FBSDKShareKit.framework",
				"${TARGET_BUILD_DIR}/${FRAMEWORKS_FOLDER_PATH}/GTMOAuth2.framework",
				"${TARGET_BUILD_DIR}/${FRAMEWORKS_FOLDER_PATH}/GTMSessionFetcher.framework",
				"${TARGET_BUILD_DIR}/${FRAMEWORKS_FOLDER_PATH}/GoogleToolboxForMac.framework",
				"${TARGET_BUILD_DIR}/${FRAMEWORKS_FOLDER_PATH}/Realm.framework",
				"${TARGET_BUILD_DIR}/${FRAMEWORKS_FOLDER_PATH}/RealmSwift.framework",
				"${TARGET_BUILD_DIR}/${FRAMEWORKS_FOLDER_PATH}/SVProgressHUD.framework",
				"${TARGET_BUILD_DIR}/${FRAMEWORKS_FOLDER_PATH}/leveldb.framework",
				"${TARGET_BUILD_DIR}/${FRAMEWORKS_FOLDER_PATH}/nanopb.framework",
			);
			runOnlyForDeploymentPostprocessing = 0;
			shellPath = /bin/sh;
			shellScript = "\"${SRCROOT}/Pods/Target Support Files/Pods-GuessNumber/Pods-GuessNumber-frameworks.sh\"\n";
			showEnvVarsInLog = 0;
		};
		B7C8BC77430442219A453A55 /* [CP] Check Pods Manifest.lock */ = {
			isa = PBXShellScriptBuildPhase;
			buildActionMask = 2147483647;
			files = (
			);
			inputPaths = (
				"${PODS_PODFILE_DIR_PATH}/Podfile.lock",
				"${PODS_ROOT}/Manifest.lock",
			);
			name = "[CP] Check Pods Manifest.lock";
			outputPaths = (
				"$(DERIVED_FILE_DIR)/Pods-GuessNumber-checkManifestLockResult.txt",
			);
			runOnlyForDeploymentPostprocessing = 0;
			shellPath = /bin/sh;
			shellScript = "diff \"${PODS_PODFILE_DIR_PATH}/Podfile.lock\" \"${PODS_ROOT}/Manifest.lock\" > /dev/null\nif [ $? != 0 ] ; then\n    # print error to STDERR\n    echo \"error: The sandbox is not in sync with the Podfile.lock. Run 'pod install' or update your CocoaPods installation.\" >&2\n    exit 1\nfi\n# This output is used by Xcode 'outputs' to avoid re-running this script phase.\necho \"SUCCESS\" > \"${SCRIPT_OUTPUT_FILE_0}\"\n";
			showEnvVarsInLog = 0;
		};
		C51CB6763969209E741AF575 /* [CP] Check Pods Manifest.lock */ = {
			isa = PBXShellScriptBuildPhase;
			buildActionMask = 2147483647;
			files = (
			);
			inputPaths = (
				"${PODS_PODFILE_DIR_PATH}/Podfile.lock",
				"${PODS_ROOT}/Manifest.lock",
			);
			name = "[CP] Check Pods Manifest.lock";
			outputPaths = (
				"$(DERIVED_FILE_DIR)/Pods-GuessNumberTests-checkManifestLockResult.txt",
			);
			runOnlyForDeploymentPostprocessing = 0;
			shellPath = /bin/sh;
			shellScript = "diff \"${PODS_PODFILE_DIR_PATH}/Podfile.lock\" \"${PODS_ROOT}/Manifest.lock\" > /dev/null\nif [ $? != 0 ] ; then\n    # print error to STDERR\n    echo \"error: The sandbox is not in sync with the Podfile.lock. Run 'pod install' or update your CocoaPods installation.\" >&2\n    exit 1\nfi\n# This output is used by Xcode 'outputs' to avoid re-running this script phase.\necho \"SUCCESS\" > \"${SCRIPT_OUTPUT_FILE_0}\"\n";
			showEnvVarsInLog = 0;
		};
		EB250A1138C0B1257E0AB3CD /* [CP] Copy Pods Resources */ = {
			isa = PBXShellScriptBuildPhase;
			buildActionMask = 2147483647;
			files = (
			);
			inputPaths = (
				"${SRCROOT}/Pods/Target Support Files/Pods-GuessNumber/Pods-GuessNumber-resources.sh",
				"${PODS_ROOT}/GoogleSignIn/Resources/GoogleSignIn.bundle",
			);
			name = "[CP] Copy Pods Resources";
			outputPaths = (
				"${TARGET_BUILD_DIR}/${UNLOCALIZED_RESOURCES_FOLDER_PATH}/GoogleSignIn.bundle",
			);
			runOnlyForDeploymentPostprocessing = 0;
			shellPath = /bin/sh;
			shellScript = "\"${SRCROOT}/Pods/Target Support Files/Pods-GuessNumber/Pods-GuessNumber-resources.sh\"\n";
			showEnvVarsInLog = 0;
		};
/* End PBXShellScriptBuildPhase section */

/* Begin PBXSourcesBuildPhase section */
		0B13CEE820C2876300A5F70D /* Sources */ = {
			isa = PBXSourcesBuildPhase;
			buildActionMask = 2147483647;
			files = (
				0B356FE6210D9DD100906892 /* LogInPage.swift in Sources */,
				0B15D27D216357B7008F096C /* TimerHandle.swift in Sources */,
				0B184EEA214F5EE6001483B9 /* AlertController.swift in Sources */,
				0B356FEE210EC54000906892 /* User.swift in Sources */,
				0B546208211E98880061CC9A /* Score.swift in Sources */,
				0B13CEF220C2876300A5F70D /* ViewController.swift in Sources */,
				0B2A87D32171948E00115FBF /* ErrorHandle.swift in Sources */,
				0B356FEA210DA30200906892 /* RegisterController.swift in Sources */,
				0B13CEF020C2876300A5F70D /* AppDelegate.swift in Sources */,
				0BE6280620CB8BF900EA4726 /* EasyModeController.swift in Sources */,
				0B0DFEAE2165BA080053AC62 /* CustomView.swift in Sources */,
				0BE6280820D4A39100EA4726 /* HardModeController.swift in Sources */,
				0B15D24D2160EF5F008F096C /* RegulationHandle.swift in Sources */,
			);
			runOnlyForDeploymentPostprocessing = 0;
		};
		0B13CEFC20C2876500A5F70D /* Sources */ = {
			isa = PBXSourcesBuildPhase;
			buildActionMask = 2147483647;
			files = (
				0B13CF0520C2876500A5F70D /* GuessNumberTests.swift in Sources */,
			);
			runOnlyForDeploymentPostprocessing = 0;
		};
		0B13CF0720C2876500A5F70D /* Sources */ = {
			isa = PBXSourcesBuildPhase;
			buildActionMask = 2147483647;
			files = (
				0B13CF1020C2876500A5F70D /* GuessNumberUITests.swift in Sources */,
			);
			runOnlyForDeploymentPostprocessing = 0;
		};
/* End PBXSourcesBuildPhase section */

/* Begin PBXTargetDependency section */
		0B13CF0220C2876500A5F70D /* PBXTargetDependency */ = {
			isa = PBXTargetDependency;
			target = 0B13CEEB20C2876300A5F70D /* GuessNumber */;
			targetProxy = 0B13CF0120C2876500A5F70D /* PBXContainerItemProxy */;
		};
		0B13CF0D20C2876500A5F70D /* PBXTargetDependency */ = {
			isa = PBXTargetDependency;
			target = 0B13CEEB20C2876300A5F70D /* GuessNumber */;
			targetProxy = 0B13CF0C20C2876500A5F70D /* PBXContainerItemProxy */;
		};
/* End PBXTargetDependency section */

/* Begin PBXVariantGroup section */
		0B13CEF320C2876300A5F70D /* Main.storyboard */ = {
			isa = PBXVariantGroup;
			children = (
				0B13CEF420C2876300A5F70D /* Base */,
			);
			name = Main.storyboard;
			sourceTree = "<group>";
		};
		0B13CEF820C2876500A5F70D /* LaunchScreen.storyboard */ = {
			isa = PBXVariantGroup;
			children = (
				0B13CEF920C2876500A5F70D /* Base */,
			);
			name = LaunchScreen.storyboard;
			sourceTree = "<group>";
		};
/* End PBXVariantGroup section */

/* Begin XCBuildConfiguration section */
		0B13CF1220C2876500A5F70D /* Debug */ = {
			isa = XCBuildConfiguration;
			buildSettings = {
				ALWAYS_SEARCH_USER_PATHS = NO;
				CLANG_ANALYZER_NONNULL = YES;
				CLANG_ANALYZER_NUMBER_OBJECT_CONVERSION = YES_AGGRESSIVE;
				CLANG_CXX_LANGUAGE_STANDARD = "gnu++14";
				CLANG_CXX_LIBRARY = "libc++";
				CLANG_ENABLE_MODULES = YES;
				CLANG_ENABLE_OBJC_ARC = YES;
				CLANG_ENABLE_OBJC_WEAK = YES;
				CLANG_WARN_BLOCK_CAPTURE_AUTORELEASING = YES;
				CLANG_WARN_BOOL_CONVERSION = YES;
				CLANG_WARN_COMMA = YES;
				CLANG_WARN_CONSTANT_CONVERSION = YES;
				CLANG_WARN_DEPRECATED_OBJC_IMPLEMENTATIONS = YES;
				CLANG_WARN_DIRECT_OBJC_ISA_USAGE = YES_ERROR;
				CLANG_WARN_DOCUMENTATION_COMMENTS = YES;
				CLANG_WARN_EMPTY_BODY = YES;
				CLANG_WARN_ENUM_CONVERSION = YES;
				CLANG_WARN_INFINITE_RECURSION = YES;
				CLANG_WARN_INT_CONVERSION = YES;
				CLANG_WARN_NON_LITERAL_NULL_CONVERSION = YES;
				CLANG_WARN_OBJC_IMPLICIT_RETAIN_SELF = YES;
				CLANG_WARN_OBJC_LITERAL_CONVERSION = YES;
				CLANG_WARN_OBJC_ROOT_CLASS = YES_ERROR;
				CLANG_WARN_RANGE_LOOP_ANALYSIS = YES;
				CLANG_WARN_STRICT_PROTOTYPES = YES;
				CLANG_WARN_SUSPICIOUS_MOVE = YES;
				CLANG_WARN_UNGUARDED_AVAILABILITY = YES_AGGRESSIVE;
				CLANG_WARN_UNREACHABLE_CODE = YES;
				CLANG_WARN__DUPLICATE_METHOD_MATCH = YES;
				CODE_SIGN_IDENTITY = "iPhone Distribution: Cheng Sian Li (CH2Q45S7FJ)";
				COPY_PHASE_STRIP = NO;
				DEBUG_INFORMATION_FORMAT = dwarf;
				ENABLE_STRICT_OBJC_MSGSEND = YES;
				ENABLE_TESTABILITY = YES;
				GCC_C_LANGUAGE_STANDARD = gnu11;
				GCC_DYNAMIC_NO_PIC = NO;
				GCC_NO_COMMON_BLOCKS = YES;
				GCC_OPTIMIZATION_LEVEL = 0;
				GCC_PREPROCESSOR_DEFINITIONS = (
					"DEBUG=1",
					"$(inherited)",
				);
				GCC_WARN_64_TO_32_BIT_CONVERSION = YES;
				GCC_WARN_ABOUT_RETURN_TYPE = YES_ERROR;
				GCC_WARN_UNDECLARED_SELECTOR = YES;
				GCC_WARN_UNINITIALIZED_AUTOS = YES_AGGRESSIVE;
				GCC_WARN_UNUSED_FUNCTION = YES;
				GCC_WARN_UNUSED_VARIABLE = YES;
				IPHONEOS_DEPLOYMENT_TARGET = 11.4;
				MTL_ENABLE_DEBUG_INFO = YES;
				ONLY_ACTIVE_ARCH = YES;
				SDKROOT = iphoneos;
				SWIFT_ACTIVE_COMPILATION_CONDITIONS = DEBUG;
				SWIFT_OPTIMIZATION_LEVEL = "-Onone";
			};
			name = Debug;
		};
		0B13CF1320C2876500A5F70D /* Release */ = {
			isa = XCBuildConfiguration;
			buildSettings = {
				ALWAYS_SEARCH_USER_PATHS = NO;
				CLANG_ANALYZER_NONNULL = YES;
				CLANG_ANALYZER_NUMBER_OBJECT_CONVERSION = YES_AGGRESSIVE;
				CLANG_CXX_LANGUAGE_STANDARD = "gnu++14";
				CLANG_CXX_LIBRARY = "libc++";
				CLANG_ENABLE_MODULES = YES;
				CLANG_ENABLE_OBJC_ARC = YES;
				CLANG_ENABLE_OBJC_WEAK = YES;
				CLANG_WARN_BLOCK_CAPTURE_AUTORELEASING = YES;
				CLANG_WARN_BOOL_CONVERSION = YES;
				CLANG_WARN_COMMA = YES;
				CLANG_WARN_CONSTANT_CONVERSION = YES;
				CLANG_WARN_DEPRECATED_OBJC_IMPLEMENTATIONS = YES;
				CLANG_WARN_DIRECT_OBJC_ISA_USAGE = YES_ERROR;
				CLANG_WARN_DOCUMENTATION_COMMENTS = YES;
				CLANG_WARN_EMPTY_BODY = YES;
				CLANG_WARN_ENUM_CONVERSION = YES;
				CLANG_WARN_INFINITE_RECURSION = YES;
				CLANG_WARN_INT_CONVERSION = YES;
				CLANG_WARN_NON_LITERAL_NULL_CONVERSION = YES;
				CLANG_WARN_OBJC_IMPLICIT_RETAIN_SELF = YES;
				CLANG_WARN_OBJC_LITERAL_CONVERSION = YES;
				CLANG_WARN_OBJC_ROOT_CLASS = YES_ERROR;
				CLANG_WARN_RANGE_LOOP_ANALYSIS = YES;
				CLANG_WARN_STRICT_PROTOTYPES = YES;
				CLANG_WARN_SUSPICIOUS_MOVE = YES;
				CLANG_WARN_UNGUARDED_AVAILABILITY = YES_AGGRESSIVE;
				CLANG_WARN_UNREACHABLE_CODE = YES;
				CLANG_WARN__DUPLICATE_METHOD_MATCH = YES;
				CODE_SIGN_IDENTITY = "iPhone Distribution: Cheng Sian Li (CH2Q45S7FJ)";
				COPY_PHASE_STRIP = NO;
				DEBUG_INFORMATION_FORMAT = "dwarf-with-dsym";
				ENABLE_NS_ASSERTIONS = NO;
				ENABLE_STRICT_OBJC_MSGSEND = YES;
				GCC_C_LANGUAGE_STANDARD = gnu11;
				GCC_NO_COMMON_BLOCKS = YES;
				GCC_WARN_64_TO_32_BIT_CONVERSION = YES;
				GCC_WARN_ABOUT_RETURN_TYPE = YES_ERROR;
				GCC_WARN_UNDECLARED_SELECTOR = YES;
				GCC_WARN_UNINITIALIZED_AUTOS = YES_AGGRESSIVE;
				GCC_WARN_UNUSED_FUNCTION = YES;
				GCC_WARN_UNUSED_VARIABLE = YES;
				IPHONEOS_DEPLOYMENT_TARGET = 11.4;
				MTL_ENABLE_DEBUG_INFO = NO;
				SDKROOT = iphoneos;
				SWIFT_COMPILATION_MODE = wholemodule;
				SWIFT_OPTIMIZATION_LEVEL = "-O";
				VALIDATE_PRODUCT = YES;
			};
			name = Release;
		};
		0B13CF1520C2876500A5F70D /* Debug */ = {
			isa = XCBuildConfiguration;
			baseConfigurationReference = C13B4B15E29AD2D28D8E97A7 /* Pods-GuessNumber.debug.xcconfig */;
			buildSettings = {
				ASSETCATALOG_COMPILER_APPICON_NAME = AppIcon;
				CODE_SIGN_IDENTITY = "iPhone Distribution: Cheng Sian Li (CH2Q45S7FJ)";
				CODE_SIGN_STYLE = Manual;
				DEVELOPMENT_TEAM = CH2Q45S7FJ;
				INFOPLIST_FILE = GuessNumber/Info.plist;
				LD_RUNPATH_SEARCH_PATHS = (
					"$(inherited)",
					"@executable_path/Frameworks",
				);
				PRODUCT_BUNDLE_IDENTIFIER = com.andyLee.GuessNumber;
				PRODUCT_NAME = "$(TARGET_NAME)";
				PROVISIONING_PROFILE = "fcacc5f7-b1e6-4cfc-bf54-1eba5b850150";
				PROVISIONING_PROFILE_SPECIFIER = GuessNumber_AppStore;
				SWIFT_VERSION = 4.2;
				TARGETED_DEVICE_FAMILY = 1;
			};
			name = Debug;
		};
		0B13CF1620C2876500A5F70D /* Release */ = {
			isa = XCBuildConfiguration;
			baseConfigurationReference = CB7AF70022F5DFB5E379FB41 /* Pods-GuessNumber.release.xcconfig */;
			buildSettings = {
				ASSETCATALOG_COMPILER_APPICON_NAME = AppIcon;
				CODE_SIGN_IDENTITY = "iPhone Distribution: Cheng Sian Li (CH2Q45S7FJ)";
				CODE_SIGN_STYLE = Manual;
				DEVELOPMENT_TEAM = CH2Q45S7FJ;
				INFOPLIST_FILE = GuessNumber/Info.plist;
				LD_RUNPATH_SEARCH_PATHS = (
					"$(inherited)",
					"@executable_path/Frameworks",
				);
				PRODUCT_BUNDLE_IDENTIFIER = com.andyLee.GuessNumber;
				PRODUCT_NAME = "$(TARGET_NAME)";
				PROVISIONING_PROFILE = "fcacc5f7-b1e6-4cfc-bf54-1eba5b850150";
				PROVISIONING_PROFILE_SPECIFIER = GuessNumber_AppStore;
				SWIFT_VERSION = 4.2;
				TARGETED_DEVICE_FAMILY = 1;
			};
			name = Release;
		};
		0B13CF1820C2876500A5F70D /* Debug */ = {
			isa = XCBuildConfiguration;
			baseConfigurationReference = 10FC6DFD4ECAC2EF22602498 /* Pods-GuessNumberTests.debug.xcconfig */;
			buildSettings = {
				ALWAYS_EMBED_SWIFT_STANDARD_LIBRARIES = YES;
				BUNDLE_LOADER = "$(TEST_HOST)";
				CODE_SIGN_STYLE = Automatic;
				INFOPLIST_FILE = GuessNumberTests/Info.plist;
				LD_RUNPATH_SEARCH_PATHS = (
					"$(inherited)",
					"@executable_path/Frameworks",
					"@loader_path/Frameworks",
				);
				PRODUCT_BUNDLE_IDENTIFIER = mySwift.GuessNumberTests;
				PRODUCT_NAME = "$(TARGET_NAME)";
				SWIFT_VERSION = 4.2;
				TARGETED_DEVICE_FAMILY = "1,2";
				TEST_HOST = "$(BUILT_PRODUCTS_DIR)/GuessNumber.app/GuessNumber";
			};
			name = Debug;
		};
		0B13CF1920C2876500A5F70D /* Release */ = {
			isa = XCBuildConfiguration;
			baseConfigurationReference = D746290C128B1A6D1A37DEC7 /* Pods-GuessNumberTests.release.xcconfig */;
			buildSettings = {
				ALWAYS_EMBED_SWIFT_STANDARD_LIBRARIES = YES;
				BUNDLE_LOADER = "$(TEST_HOST)";
				CODE_SIGN_STYLE = Automatic;
				INFOPLIST_FILE = GuessNumberTests/Info.plist;
				LD_RUNPATH_SEARCH_PATHS = (
					"$(inherited)",
					"@executable_path/Frameworks",
					"@loader_path/Frameworks",
				);
				PRODUCT_BUNDLE_IDENTIFIER = mySwift.GuessNumberTests;
				PRODUCT_NAME = "$(TARGET_NAME)";
				SWIFT_VERSION = 4.2;
				TARGETED_DEVICE_FAMILY = "1,2";
				TEST_HOST = "$(BUILT_PRODUCTS_DIR)/GuessNumber.app/GuessNumber";
			};
			name = Release;
		};
		0B13CF1B20C2876500A5F70D /* Debug */ = {
			isa = XCBuildConfiguration;
			baseConfigurationReference = 7276946551ED8D88A3E9DC5F /* Pods-GuessNumberUITests.debug.xcconfig */;
			buildSettings = {
				ALWAYS_EMBED_SWIFT_STANDARD_LIBRARIES = YES;
				CODE_SIGN_STYLE = Automatic;
				INFOPLIST_FILE = GuessNumberUITests/Info.plist;
				LD_RUNPATH_SEARCH_PATHS = (
					"$(inherited)",
					"@executable_path/Frameworks",
					"@loader_path/Frameworks",
				);
				PRODUCT_BUNDLE_IDENTIFIER = mySwift.GuessNumberUITests;
				PRODUCT_NAME = "$(TARGET_NAME)";
				SWIFT_VERSION = 4.2;
				TARGETED_DEVICE_FAMILY = "1,2";
				TEST_TARGET_NAME = GuessNumber;
			};
			name = Debug;
		};
		0B13CF1C20C2876500A5F70D /* Release */ = {
			isa = XCBuildConfiguration;
			baseConfigurationReference = E0A0E5985E1DF4814518D89E /* Pods-GuessNumberUITests.release.xcconfig */;
			buildSettings = {
				ALWAYS_EMBED_SWIFT_STANDARD_LIBRARIES = YES;
				CODE_SIGN_STYLE = Automatic;
				INFOPLIST_FILE = GuessNumberUITests/Info.plist;
				LD_RUNPATH_SEARCH_PATHS = (
					"$(inherited)",
					"@executable_path/Frameworks",
					"@loader_path/Frameworks",
				);
				PRODUCT_BUNDLE_IDENTIFIER = mySwift.GuessNumberUITests;
				PRODUCT_NAME = "$(TARGET_NAME)";
				SWIFT_VERSION = 4.2;
				TARGETED_DEVICE_FAMILY = "1,2";
				TEST_TARGET_NAME = GuessNumber;
			};
			name = Release;
		};
/* End XCBuildConfiguration section */

/* Begin XCConfigurationList section */
		0B13CEE720C2876300A5F70D /* Build configuration list for PBXProject "GuessNumber" */ = {
			isa = XCConfigurationList;
			buildConfigurations = (
				0B13CF1220C2876500A5F70D /* Debug */,
				0B13CF1320C2876500A5F70D /* Release */,
			);
			defaultConfigurationIsVisible = 0;
			defaultConfigurationName = Release;
		};
		0B13CF1420C2876500A5F70D /* Build configuration list for PBXNativeTarget "GuessNumber" */ = {
			isa = XCConfigurationList;
			buildConfigurations = (
				0B13CF1520C2876500A5F70D /* Debug */,
				0B13CF1620C2876500A5F70D /* Release */,
			);
			defaultConfigurationIsVisible = 0;
			defaultConfigurationName = Release;
		};
		0B13CF1720C2876500A5F70D /* Build configuration list for PBXNativeTarget "GuessNumberTests" */ = {
			isa = XCConfigurationList;
			buildConfigurations = (
				0B13CF1820C2876500A5F70D /* Debug */,
				0B13CF1920C2876500A5F70D /* Release */,
			);
			defaultConfigurationIsVisible = 0;
			defaultConfigurationName = Release;
		};
		0B13CF1A20C2876500A5F70D /* Build configuration list for PBXNativeTarget "GuessNumberUITests" */ = {
			isa = XCConfigurationList;
			buildConfigurations = (
				0B13CF1B20C2876500A5F70D /* Debug */,
				0B13CF1C20C2876500A5F70D /* Release */,
			);
			defaultConfigurationIsVisible = 0;
			defaultConfigurationName = Release;
		};
/* End XCConfigurationList section */
	};
	rootObject = 0B13CEE420C2876300A5F70D /* Project object */;
}
